# THIS IS AN AUTOGENERATED FILE. DO NOT EDIT THIS FILE DIRECTLY.
# yarn lockfile v1


"@cognite/react-auth@^2.2.0":
  version "2.2.0"
  resolved "https://registry.yarnpkg.com/@cognite/react-auth/-/react-auth-2.2.0.tgz#177a5889272a77baa7d5ba8b7268885d8c37a933"
  integrity sha512-9OeU+d3uoTkXs/vJnJ62C4HhvalWlVW67RZt0L2Bv9Vj7c5VtXI3idjTVTll7uHAJjLUHFi+45ZySCN+UWZDuw==
